
Microsoft Visual Studio Solution File, Format Version 12.00
# Visual Studio Version 17
VisualStudioVersion = 17.3.32825.248
MinimumVisualStudioVersion = 10.0.40219.1
Project("{9A19103F-16F7-4668-BE54-9A1E7A4F7556}") = "BlazorFrontEnd", "BlazorFrontEnd\BlazorFrontEnd.csproj", "{003C121C-0243-4917-A415-5FA321E22E11}"
EndProject
Project("{9A19103F-16F7-4668-BE54-9A1E7A4F7556}") = "BlazorBackend", "BlazorBackend\BlazorBackend.csproj", "{F860DC61-801A-4E3E-AA9A-CF721D16E3BF}"
EndProject
Project("{9A19103F-16F7-4668-BE54-9A1E7A4F7556}") = "Blazor.Modals", "Blazor.Modals\Blazor.Modals.csproj", "{7F593791-E870-446D-BDED-14D7B65BC7C9}"
EndProject
Global
	GlobalSection(SolutionConfigurationPlatforms) = preSolution
		Debug|Any CPU = Debug|Any CPU
		Release|Any CPU = Release|Any CPU
	EndGlobalSection
	GlobalSection(ProjectConfigurationPlatforms) = postSolution
		{003C121C-0243-4917-A415-5FA321E22E11}.Debug|Any CPU.ActiveCfg = Debug|Any CPU
		{003C121C-0243-4917-A415-5FA321E22E11}.Debug|Any CPU.Build.0 = Debug|Any CPU
		{003C121C-0243-4917-A415-5FA321E22E11}.Release|Any CPU.ActiveCfg = Release|Any CPU
		{003C121C-0243-4917-A415-5FA321E22E11}.Release|Any CPU.Build.0 = Release|Any CPU
		{F860DC61-801A-4E3E-AA9A-CF721D16E3BF}.Debug|Any CPU.ActiveCfg = Debug|Any CPU
		{F860DC61-801A-4E3E-AA9A-CF721D16E3BF}.Debug|Any CPU.Build.0 = Debug|Any CPU
		{F860DC61-801A-4E3E-AA9A-CF721D16E3BF}.Release|Any CPU.ActiveCfg = Release|Any CPU
		{F860DC61-801A-4E3E-AA9A-CF721D16E3BF}.Release|Any CPU.Build.0 = Release|Any CPU
		{7F593791-E870-446D-BDED-14D7B65BC7C9}.Debug|Any CPU.ActiveCfg = Debug|Any CPU
		{7F593791-E870-446D-BDED-14D7B65BC7C9}.Debug|Any CPU.Build.0 = Debug|Any CPU
		{7F593791-E870-446D-BDED-14D7B65BC7C9}.Release|Any CPU.ActiveCfg = Release|Any CPU
		{7F593791-E870-446D-BDED-14D7B65BC7C9}.Release|Any CPU.Build.0 = Release|Any CPU
	EndGlobalSection
	GlobalSection(SolutionProperties) = preSolution
		HideSolutionNode = FALSE
	EndGlobalSection
	GlobalSection(ExtensibilityGlobals) = postSolution
		SolutionGuid = {8EF15EB4-4654-4048-8089-EAF78129B1C5}
	EndGlobalSection
EndGlobal
